github.com/wowchemy/wowchemy-hugo-modules/netlify-cms-academic v0.0.0-20201204174723-5fa9412f9e76 h1:ZfyIYItmejwZrB7lr/XU+YAacaqTh/KgaEvJSdlqecY=
github.com/wowchemy/wowchemy-hugo-modules/netlify-cms-academic v0.0.0-20201204174723-5fa9412f9e76/go.mod h1:TU3QDPUdBSQnvDP5QVCwjAkBIdVMS/bKFA8jr3eI5AY=
github.com/wowchemy/wowchemy-hugo-modules/wowchemy v0.0.0-20201204174723-5fa9412f9e76 h1:3vnocWPhhHgIKoXmFjO16GIn0t7uM/Uc17nLRXDFKVI=
github.com/wowchemy/wowchemy-hugo-modules/wowchemy v0.0.0-20201204174723-5fa9412f9e76/go.mod h1:H22qfH9qj3FWwsk7+bAZpmT24yRGNQURah2/IRwjbn8=
