github.com/wowchemy/wowchemy-hugo-modules/wowchemy v0.0.0-20210209220000-aa4fe0c75726 h1:0el025jqd8fqt+BtIt71cJz28GuMMdj1AUUozw8SBAQ=
github.com/wowchemy/wowchemy-hugo-modules/wowchemy v0.0.0-20210209220000-aa4fe0c75726/go.mod h1:H22qfH9qj3FWwsk7+bAZpmT24yRGNQURah2/IRwjbn8=
github.com/wowchemy/wowchemy-hugo-modules/wowchemy-cms v0.0.0-20210209220000-aa4fe0c75726 h1:RC0nrHvtVgFRPpxE2Pz7iGFoNV8EAa3Vom9mKUV4RSk=
github.com/wowchemy/wowchemy-hugo-modules/wowchemy-cms v0.0.0-20210209220000-aa4fe0c75726/go.mod h1:AKpYbqUVlj0VYsc7Jsxe1o8Ko2yV31A5ZPdfpACcXJw=
