github.com/wowchemy/wowchemy-hugo-modules/wowchemy v0.0.0-20210413192202-ab8d28988e0e h1:l9ZvxE12kMiwIV5eMUAaQ64aopV7NaBMAIOSTy1kIqg=
github.com/wowchemy/wowchemy-hugo-modules/wowchemy v0.0.0-20210413192202-ab8d28988e0e/go.mod h1:H22qfH9qj3FWwsk7+bAZpmT24yRGNQURah2/IRwjbn8=
github.com/wowchemy/wowchemy-hugo-modules/wowchemy-cms v0.0.0-20210413192202-ab8d28988e0e h1:VVNzzaAkvHR7YEfqPB2wembtTOKSsW+1I5aKBm7zhh4=
github.com/wowchemy/wowchemy-hugo-modules/wowchemy-cms v0.0.0-20210413192202-ab8d28988e0e/go.mod h1:AKpYbqUVlj0VYsc7Jsxe1o8Ko2yV31A5ZPdfpACcXJw=
